
Microsoft Visual Studio Solution File, Format Version 12.00
# Visual Studio Version 17
VisualStudioVersion = 17.8.34511.84
MinimumVisualStudioVersion = 10.0.40219.1
Project("{FAE04EC0-301F-11D3-BF4B-00C04F79EFBC}") = "AttendanceAPI-v3", "AttendanceAPI-v3\AttendanceAPI-v3.csproj", "{0C3E1EE8-E319-4522-A8F8-EF0F6F494B26}"
EndProject
Global
	GlobalSection(SolutionConfigurationPlatforms) = preSolution
		Debug|Any CPU = Debug|Any CPU
		Release|Any CPU = Release|Any CPU
	EndGlobalSection
	GlobalSection(ProjectConfigurationPlatforms) = postSolution
		{0C3E1EE8-E319-4522-A8F8-EF0F6F494B26}.Debug|Any CPU.ActiveCfg = Debug|Any CPU
		{0C3E1EE8-E319-4522-A8F8-EF0F6F494B26}.Debug|Any CPU.Build.0 = Debug|Any CPU
		{0C3E1EE8-E319-4522-A8F8-EF0F6F494B26}.Release|Any CPU.ActiveCfg = Release|Any CPU
		{0C3E1EE8-E319-4522-A8F8-EF0F6F494B26}.Release|Any CPU.Build.0 = Release|Any CPU
	EndGlobalSection
	GlobalSection(SolutionProperties) = preSolution
		HideSolutionNode = FALSE
	EndGlobalSection
	GlobalSection(ExtensibilityGlobals) = postSolution
		SolutionGuid = {6846F0AD-929E-426D-A68F-9DA745A84613}
	EndGlobalSection
EndGlobal
