
Microsoft Visual Studio Solution File, Format Version 12.00
# Visual Studio Version 17
VisualStudioVersion = 17.8.34511.84
MinimumVisualStudioVersion = 10.0.40219.1
Project("{FAE04EC0-301F-11D3-BF4B-00C04F79EFBC}") = "AttendanceProjectAPI_v2", "AttendanceProjectAPI_v2\AttendanceProjectAPI_v2.csproj", "{766476B1-1BD0-4C10-AB7E-82F020000C5F}"
EndProject
Global
	GlobalSection(SolutionConfigurationPlatforms) = preSolution
		Debug|Any CPU = Debug|Any CPU
		Release|Any CPU = Release|Any CPU
	EndGlobalSection
	GlobalSection(ProjectConfigurationPlatforms) = postSolution
		{766476B1-1BD0-4C10-AB7E-82F020000C5F}.Debug|Any CPU.ActiveCfg = Debug|Any CPU
		{766476B1-1BD0-4C10-AB7E-82F020000C5F}.Debug|Any CPU.Build.0 = Debug|Any CPU
		{766476B1-1BD0-4C10-AB7E-82F020000C5F}.Release|Any CPU.ActiveCfg = Release|Any CPU
		{766476B1-1BD0-4C10-AB7E-82F020000C5F}.Release|Any CPU.Build.0 = Release|Any CPU
	EndGlobalSection
	GlobalSection(SolutionProperties) = preSolution
		HideSolutionNode = FALSE
	EndGlobalSection
	GlobalSection(ExtensibilityGlobals) = postSolution
		SolutionGuid = {C7C0CD80-9EE4-4716-B2B9-C0659C6362F6}
	EndGlobalSection
EndGlobal
